
Microsoft Visual Studio Solution File, Format Version 12.00
# Visual Studio Version 16
VisualStudioVersion = 16.0.30011.22
MinimumVisualStudioVersion = 10.0.40219.1
Project("{9A19103F-16F7-4668-BE54-9A1E7A4F7556}") = "BlazorDemoUI", "BlazorDemoUI\BlazorDemoUI.csproj", "{0C688EA7-DB58-4AC7-BDF2-C756383366F1}"
EndProject
Global
	GlobalSection(SolutionConfigurationPlatforms) = preSolution
		Debug|Any CPU = Debug|Any CPU
		Release|Any CPU = Release|Any CPU
	EndGlobalSection
	GlobalSection(ProjectConfigurationPlatforms) = postSolution
		{0C688EA7-DB58-4AC7-BDF2-C756383366F1}.Debug|Any CPU.ActiveCfg = Debug|Any CPU
		{0C688EA7-DB58-4AC7-BDF2-C756383366F1}.Debug|Any CPU.Build.0 = Debug|Any CPU
		{0C688EA7-DB58-4AC7-BDF2-C756383366F1}.Release|Any CPU.ActiveCfg = Release|Any CPU
		{0C688EA7-DB58-4AC7-BDF2-C756383366F1}.Release|Any CPU.Build.0 = Release|Any CPU
	EndGlobalSection
	GlobalSection(SolutionProperties) = preSolution
		HideSolutionNode = FALSE
	EndGlobalSection
	GlobalSection(ExtensibilityGlobals) = postSolution
		SolutionGuid = {51991CBD-32FA-4693-A968-271996BC1F0D}
	EndGlobalSection
EndGlobal
